
Microsoft Visual Studio Solution File, Format Version 12.00
# Visual Studio Version 17
VisualStudioVersion = 17.0.31903.59
MinimumVisualStudioVersion = 10.0.40219.1
Project("{FAE04EC0-301F-11D3-BF4B-00C04F79EFBC}") = "DoMAin", "DoMAin\DoMAin.csproj", "{66E59105-7FEA-4F08-8FCA-468297B0077E}"
EndProject
Project("{FAE04EC0-301F-11D3-BF4B-00C04F79EFBC}") = "Infrastructure", "Infrastructure\Infrastructure.csproj", "{F1ABAE3F-D139-4FD3-B158-B61EF4D5676C}"
EndProject
Project("{FAE04EC0-301F-11D3-BF4B-00C04F79EFBC}") = "WebApp", "WebApp\WebApp.csproj", "{C38D5335-7CD7-47C1-89E4-5CE2A0C2714F}"
EndProject
Global
	GlobalSection(SolutionConfigurationPlatforms) = preSolution
		Debug|Any CPU = Debug|Any CPU
		Release|Any CPU = Release|Any CPU
	EndGlobalSection
	GlobalSection(SolutionProperties) = preSolution
		HideSolutionNode = FALSE
	EndGlobalSection
	GlobalSection(ProjectConfigurationPlatforms) = postSolution
		{66E59105-7FEA-4F08-8FCA-468297B0077E}.Debug|Any CPU.ActiveCfg = Debug|Any CPU
		{66E59105-7FEA-4F08-8FCA-468297B0077E}.Debug|Any CPU.Build.0 = Debug|Any CPU
		{66E59105-7FEA-4F08-8FCA-468297B0077E}.Release|Any CPU.ActiveCfg = Release|Any CPU
		{66E59105-7FEA-4F08-8FCA-468297B0077E}.Release|Any CPU.Build.0 = Release|Any CPU
		{F1ABAE3F-D139-4FD3-B158-B61EF4D5676C}.Debug|Any CPU.ActiveCfg = Debug|Any CPU
		{F1ABAE3F-D139-4FD3-B158-B61EF4D5676C}.Debug|Any CPU.Build.0 = Debug|Any CPU
		{F1ABAE3F-D139-4FD3-B158-B61EF4D5676C}.Release|Any CPU.ActiveCfg = Release|Any CPU
		{F1ABAE3F-D139-4FD3-B158-B61EF4D5676C}.Release|Any CPU.Build.0 = Release|Any CPU
		{C38D5335-7CD7-47C1-89E4-5CE2A0C2714F}.Debug|Any CPU.ActiveCfg = Debug|Any CPU
		{C38D5335-7CD7-47C1-89E4-5CE2A0C2714F}.Debug|Any CPU.Build.0 = Debug|Any CPU
		{C38D5335-7CD7-47C1-89E4-5CE2A0C2714F}.Release|Any CPU.ActiveCfg = Release|Any CPU
		{C38D5335-7CD7-47C1-89E4-5CE2A0C2714F}.Release|Any CPU.Build.0 = Release|Any CPU
	EndGlobalSection
EndGlobal
